{
  "name": "apollo-server-plugin-response-cache",
  "version": "3.5.1",
  "lockfileVersion": 2,
  "requires": true,
  "packages": {
    "": {
      "name": "apollo-server-plugin-response-cache",
      "version": "3.5.1",
      "license": "MIT",
      "dependencies": {
        "apollo-server-caching": "file:../apollo-server-caching",
        "apollo-server-plugin-base": "file:../apollo-server-plugin-base",
        "apollo-server-types": "file:../apollo-server-types"
      },
      "engines": {
        "node": ">=12.0"
      },
      "peerDependencies": {
        "graphql": "^15.3.0 || ^16.0.0"
      }
    },
    "../apollo-server-caching": {
      "version": "3.3.0",
      "license": "MIT",
      "dependencies": {
        "lru-cache": "^6.0.0"
      },
      "engines": {
        "node": ">=12.0"
      }
    },
    "../apollo-server-plugin-base": {
      "version": "3.5.1",
      "license": "MIT",
      "dependencies": {
        "apollo-server-types": "file:../apollo-server-types"
      },
      "engines": {
        "node": ">=12.0"
      },
      "peerDependencies": {
        "graphql": "^15.3.0 || ^16.0.0"
      }
    },
    "../apollo-server-types": {
      "version": "3.5.1",
      "license": "MIT",
      "dependencies": {
        "apollo-reporting-protobuf": "file:../apollo-reporting-protobuf",
        "apollo-server-caching": "file:../apollo-server-caching",
        "apollo-server-env": "file:../apollo-server-env"
      },
      "engines": {
        "node": ">=12.0"
      },
      "peerDependencies": {
        "graphql": "^15.3.0 || ^16.0.0"
      }
    },
    "node_modules/apollo-server-caching": {
      "resolved": "../apollo-server-caching",
      "link": true
    },
    "node_modules/apollo-server-plugin-base": {
      "resolved": "../apollo-server-plugin-base",
      "link": true
    },
    "node_modules/apollo-server-types": {
      "resolved": "../apollo-server-types",
      "link": true
    },
    "node_modules/graphql": {
      "version": "16.3.0",
      "resolved": "https://registry.npmjs.org/graphql/-/graphql-16.3.0.tgz",
      "integrity": "sha512-xm+ANmA16BzCT5pLjuXySbQVFwH3oJctUVdy81w1sV0vBU0KgDdBGtxQOUd5zqOBk/JayAFeG8Dlmeq74rjm/A==",
      "peer": true,
      "engines": {
        "node": "^12.22.0 || ^14.16.0 || >=16.0.0"
      }
    }
  },
  "dependencies": {
    "apollo-server-caching": {
      "version": "file:../apollo-server-caching",
      "requires": {
        "lru-cache": "^6.0.0"
      }
    },
    "apollo-server-plugin-base": {
      "version": "file:../apollo-server-plugin-base",
      "requires": {
        "apollo-server-types": "file:../apollo-server-types"
      }
    },
    "apollo-server-types": {
      "version": "file:../apollo-server-types",
      "requires": {
        "apollo-reporting-protobuf": "file:../apollo-reporting-protobuf",
        "apollo-server-caching": "file:../apollo-server-caching",
        "apollo-server-env": "file:../apollo-server-env"
      }
    },
    "graphql": {
      "version": "16.3.0",
      "resolved": "https://registry.npmjs.org/graphql/-/graphql-16.3.0.tgz",
      "integrity": "sha512-xm+ANmA16BzCT5pLjuXySbQVFwH3oJctUVdy81w1sV0vBU0KgDdBGtxQOUd5zqOBk/JayAFeG8Dlmeq74rjm/A==",
      "peer": true
    }
  }
}
